// !$*UTF8*$!
{
	archiveVersion = 1;
	classes = {
	};
	objectVersion = 51;
	objects = {

/* Begin PBXBuildFile section */
		716634BC08FE5AC72D7253F9 /* Pods_QuizApp.framework in Frameworks */ = {isa = PBXBuildFile; fileRef = 81F6BFDA6B6E989340236471 /* Pods_QuizApp.framework */; };
		F111D8D424911311005B822B /* LeaderboardTableHeader.swift in Sources */ = {isa = PBXBuildFile; fileRef = F111D8D324911311005B822B /* LeaderboardTableHeader.swift */; };
		F111D8D6249150E2005B822B /* SettingsViewController.xib in Resources */ = {isa = PBXBuildFile; fileRef = F111D8D5249150E2005B822B /* SettingsViewController.xib */; };
		F1163A5E248FCF7800384EE1 /* LeaderboardTableViewController.xib in Resources */ = {isa = PBXBuildFile; fileRef = F1163A5D248FCF7800384EE1 /* LeaderboardTableViewController.xib */; };
		F11D315324842EE300D1EC5F /* QuizTableCell.xib in Resources */ = {isa = PBXBuildFile; fileRef = F11D315224842EE300D1EC5F /* QuizTableCell.xib */; };
		F11D315524842EFE00D1EC5F /* QuizTableCell.swift in Sources */ = {isa = PBXBuildFile; fileRef = F11D315424842EFE00D1EC5F /* QuizTableCell.swift */; };
		F11D3157248430A300D1EC5F /* QuizTableHeader.swift in Sources */ = {isa = PBXBuildFile; fileRef = F11D3156248430A300D1EC5F /* QuizTableHeader.swift */; };
		F11D31592484343C00D1EC5F /* SingleQuizViewController.swift in Sources */ = {isa = PBXBuildFile; fileRef = F11D31582484343C00D1EC5F /* SingleQuizViewController.swift */; };
		F11D315B2484352400D1EC5F /* QuizTableViewController.xib in Resources */ = {isa = PBXBuildFile; fileRef = F11D315A2484352400D1EC5F /* QuizTableViewController.xib */; };
		F14312E9248FC05C0069E260 /* SettingsViewController.swift in Sources */ = {isa = PBXBuildFile; fileRef = F14312E8248FC05C0069E260 /* SettingsViewController.swift */; };
		F14312EB248FC0AF0069E260 /* SearchViewController.swift in Sources */ = {isa = PBXBuildFile; fileRef = F14312EA248FC0AF0069E260 /* SearchViewController.swift */; };
		F14312ED248FC8FC0069E260 /* LeaderboardTableViewController.swift in Sources */ = {isa = PBXBuildFile; fileRef = F14312EC248FC8FC0069E260 /* LeaderboardTableViewController.swift */; };
		F14312EF248FCABA0069E260 /* LeaderboardTableCell.swift in Sources */ = {isa = PBXBuildFile; fileRef = F14312EE248FCABA0069E260 /* LeaderboardTableCell.swift */; };
		F14312F1248FCB020069E260 /* LeaderboardTableCell.xib in Resources */ = {isa = PBXBuildFile; fileRef = F14312F0248FCB020069E260 /* LeaderboardTableCell.xib */; };
		F169433A2483C29100431BA1 /* LoginViewController.swift in Sources */ = {isa = PBXBuildFile; fileRef = F16943392483C29100431BA1 /* LoginViewController.swift */; };
		F169433C2483C2B100431BA1 /* LoginViewController.xib in Resources */ = {isa = PBXBuildFile; fileRef = F169433B2483C2B100431BA1 /* LoginViewController.xib */; };
		F16F47C0248A45170064B318 /* SingleQuizViewController.xib in Resources */ = {isa = PBXBuildFile; fileRef = F16F47BF248A45170064B318 /* SingleQuizViewController.xib */; };
		F1A587AF24829E5200582D70 /* QuestionView.swift in Sources */ = {isa = PBXBuildFile; fileRef = F1A587AE24829E5200582D70 /* QuestionView.swift */; };
		F1C0E6EF249384D00040B9EE /* QuizzApp.xcdatamodeld in Sources */ = {isa = PBXBuildFile; fileRef = F1C0E6ED249384D00040B9EE /* QuizzApp.xcdatamodeld */; };
		F1C0E6F1249391290040B9EE /* ReachabilityActionDelegate.swift in Sources */ = {isa = PBXBuildFile; fileRef = F1C0E6F0249391290040B9EE /* ReachabilityActionDelegate.swift */; };
		F1C0E6F7249396C70040B9EE /* SearchViewController.xib in Resources */ = {isa = PBXBuildFile; fileRef = F1C0E6F6249396C70040B9EE /* SearchViewController.xib */; };
		F1CE7E5C24641ECD002258DE /* AppDelegate.swift in Sources */ = {isa = PBXBuildFile; fileRef = F1CE7E5B24641ECD002258DE /* AppDelegate.swift */; };
		F1CE7E6024641ECD002258DE /* QuizTableViewController.swift in Sources */ = {isa = PBXBuildFile; fileRef = F1CE7E5F24641ECD002258DE /* QuizTableViewController.swift */; };
		F1CE7E6524641ED0002258DE /* Assets.xcassets in Resources */ = {isa = PBXBuildFile; fileRef = F1CE7E6424641ED0002258DE /* Assets.xcassets */; };
		F1CE7E6824641ED0002258DE /* LaunchScreen.storyboard in Resources */ = {isa = PBXBuildFile; fileRef = F1CE7E6624641ED0002258DE /* LaunchScreen.storyboard */; };
		F1D755812466B529003D7845 /* Extenstions.swift in Sources */ = {isa = PBXBuildFile; fileRef = F1D755802466B529003D7845 /* Extenstions.swift */; };
		F1D755832466B5BA003D7845 /* ApiClient.swift in Sources */ = {isa = PBXBuildFile; fileRef = F1D755822466B5BA003D7845 /* ApiClient.swift */; };
		F1D755852466B5DB003D7845 /* Types.swift in Sources */ = {isa = PBXBuildFile; fileRef = F1D755842466B5DB003D7845 /* Types.swift */; };
/* End PBXBuildFile section */

/* Begin PBXFileReference section */
		088CB2230BB159B51829D1D5 /* Pods-QuizApp.debug.xcconfig */ = {isa = PBXFileReference; includeInIndex = 1; lastKnownFileType = text.xcconfig; name = "Pods-QuizApp.debug.xcconfig"; path = "Target Support Files/Pods-QuizApp/Pods-QuizApp.debug.xcconfig"; sourceTree = "<group>"; };
		81F6BFDA6B6E989340236471 /* Pods_QuizApp.framework */ = {isa = PBXFileReference; explicitFileType = wrapper.framework; includeInIndex = 0; path = Pods_QuizApp.framework; sourceTree = BUILT_PRODUCTS_DIR; };
		EE458440D58C8F92EECE1679 /* Pods-QuizApp.release.xcconfig */ = {isa = PBXFileReference; includeInIndex = 1; lastKnownFileType = text.xcconfig; name = "Pods-QuizApp.release.xcconfig"; path = "Target Support Files/Pods-QuizApp/Pods-QuizApp.release.xcconfig"; sourceTree = "<group>"; };
		F111D8D324911311005B822B /* LeaderboardTableHeader.swift */ = {isa = PBXFileReference; lastKnownFileType = sourcecode.swift; path = LeaderboardTableHeader.swift; sourceTree = "<group>"; };
		F111D8D5249150E2005B822B /* SettingsViewController.xib */ = {isa = PBXFileReference; lastKnownFileType = file.xib; path = SettingsViewController.xib; sourceTree = "<group>"; };
		F1163A5D248FCF7800384EE1 /* LeaderboardTableViewController.xib */ = {isa = PBXFileReference; lastKnownFileType = file.xib; path = LeaderboardTableViewController.xib; sourceTree = "<group>"; };
		F11D315224842EE300D1EC5F /* QuizTableCell.xib */ = {isa = PBXFileReference; lastKnownFileType = file.xib; path = QuizTableCell.xib; sourceTree = "<group>"; };
		F11D315424842EFE00D1EC5F /* QuizTableCell.swift */ = {isa = PBXFileReference; lastKnownFileType = sourcecode.swift; path = QuizTableCell.swift; sourceTree = "<group>"; };
		F11D3156248430A300D1EC5F /* QuizTableHeader.swift */ = {isa = PBXFileReference; lastKnownFileType = sourcecode.swift; path = QuizTableHeader.swift; sourceTree = "<group>"; };
		F11D31582484343C00D1EC5F /* SingleQuizViewController.swift */ = {isa = PBXFileReference; lastKnownFileType = sourcecode.swift; path = SingleQuizViewController.swift; sourceTree = "<group>"; };
		F11D315A2484352400D1EC5F /* QuizTableViewController.xib */ = {isa = PBXFileReference; lastKnownFileType = file.xib; path = QuizTableViewController.xib; sourceTree = "<group>"; };
		F14312E8248FC05C0069E260 /* SettingsViewController.swift */ = {isa = PBXFileReference; lastKnownFileType = sourcecode.swift; path = SettingsViewController.swift; sourceTree = "<group>"; };
		F14312EA248FC0AF0069E260 /* SearchViewController.swift */ = {isa = PBXFileReference; lastKnownFileType = sourcecode.swift; path = SearchViewController.swift; sourceTree = "<group>"; };
		F14312EC248FC8FC0069E260 /* LeaderboardTableViewController.swift */ = {isa = PBXFileReference; lastKnownFileType = sourcecode.swift; path = LeaderboardTableViewController.swift; sourceTree = "<group>"; };
		F14312EE248FCABA0069E260 /* LeaderboardTableCell.swift */ = {isa = PBXFileReference; lastKnownFileType = sourcecode.swift; path = LeaderboardTableCell.swift; sourceTree = "<group>"; };
		F14312F0248FCB020069E260 /* LeaderboardTableCell.xib */ = {isa = PBXFileReference; lastKnownFileType = file.xib; path = LeaderboardTableCell.xib; sourceTree = "<group>"; };
		F16943392483C29100431BA1 /* LoginViewController.swift */ = {isa = PBXFileReference; lastKnownFileType = sourcecode.swift; path = LoginViewController.swift; sourceTree = "<group>"; };
		F169433B2483C2B100431BA1 /* LoginViewController.xib */ = {isa = PBXFileReference; lastKnownFileType = file.xib; path = LoginViewController.xib; sourceTree = "<group>"; };
		F16F47BF248A45170064B318 /* SingleQuizViewController.xib */ = {isa = PBXFileReference; lastKnownFileType = file.xib; path = SingleQuizViewController.xib; sourceTree = "<group>"; };
		F1A587AE24829E5200582D70 /* QuestionView.swift */ = {isa = PBXFileReference; lastKnownFileType = sourcecode.swift; path = QuestionView.swift; sourceTree = "<group>"; };
		F1C0E6EE249384D00040B9EE /* QuizzApp.xcdatamodel */ = {isa = PBXFileReference; lastKnownFileType = wrapper.xcdatamodel; path = QuizzApp.xcdatamodel; sourceTree = "<group>"; };
		F1C0E6F0249391290040B9EE /* ReachabilityActionDelegate.swift */ = {isa = PBXFileReference; lastKnownFileType = sourcecode.swift; path = ReachabilityActionDelegate.swift; sourceTree = "<group>"; };
		F1C0E6F6249396C70040B9EE /* SearchViewController.xib */ = {isa = PBXFileReference; lastKnownFileType = file.xib; path = SearchViewController.xib; sourceTree = "<group>"; };
		F1CE7E5824641ECD002258DE /* QuizApp.app */ = {isa = PBXFileReference; explicitFileType = wrapper.application; includeInIndex = 0; path = QuizApp.app; sourceTree = BUILT_PRODUCTS_DIR; };
		F1CE7E5B24641ECD002258DE /* AppDelegate.swift */ = {isa = PBXFileReference; lastKnownFileType = sourcecode.swift; path = AppDelegate.swift; sourceTree = "<group>"; };
		F1CE7E5F24641ECD002258DE /* QuizTableViewController.swift */ = {isa = PBXFileReference; lastKnownFileType = sourcecode.swift; path = QuizTableViewController.swift; sourceTree = "<group>"; };
		F1CE7E6424641ED0002258DE /* Assets.xcassets */ = {isa = PBXFileReference; lastKnownFileType = folder.assetcatalog; path = Assets.xcassets; sourceTree = "<group>"; };
		F1CE7E6724641ED0002258DE /* Base */ = {isa = PBXFileReference; lastKnownFileType = file.storyboard; name = Base; path = Base.lproj/LaunchScreen.storyboard; sourceTree = "<group>"; };
		F1CE7E6924641ED0002258DE /* Info.plist */ = {isa = PBXFileReference; lastKnownFileType = text.plist.xml; path = Info.plist; sourceTree = "<group>"; };
		F1D755802466B529003D7845 /* Extenstions.swift */ = {isa = PBXFileReference; lastKnownFileType = sourcecode.swift; path = Extenstions.swift; sourceTree = "<group>"; };
		F1D755822466B5BA003D7845 /* ApiClient.swift */ = {isa = PBXFileReference; lastKnownFileType = sourcecode.swift; path = ApiClient.swift; sourceTree = "<group>"; };
		F1D755842466B5DB003D7845 /* Types.swift */ = {isa = PBXFileReference; lastKnownFileType = sourcecode.swift; path = Types.swift; sourceTree = "<group>"; };
/* End PBXFileReference section */

/* Begin PBXFrameworksBuildPhase section */
		F1CE7E5524641ECC002258DE /* Frameworks */ = {
			isa = PBXFrameworksBuildPhase;
			buildActionMask = 2147483647;
			files = (
				716634BC08FE5AC72D7253F9 /* Pods_QuizApp.framework in Frameworks */,
			);
			runOnlyForDeploymentPostprocessing = 0;
		};
/* End PBXFrameworksBuildPhase section */

/* Begin PBXGroup section */
		5B7940AD8FF09F3E3CB5C67A /* Pods */ = {
			isa = PBXGroup;
			children = (
				088CB2230BB159B51829D1D5 /* Pods-QuizApp.debug.xcconfig */,
				EE458440D58C8F92EECE1679 /* Pods-QuizApp.release.xcconfig */,
			);
			path = Pods;
			sourceTree = "<group>";
		};
		B9F5C9E05037F6D80C8EB1F4 /* Frameworks */ = {
			isa = PBXGroup;
			children = (
				81F6BFDA6B6E989340236471 /* Pods_QuizApp.framework */,
			);
			name = Frameworks;
			sourceTree = "<group>";
		};
		F1A587AD24829E3F00582D70 /* Views */ = {
			isa = PBXGroup;
			children = (
				F1A587AE24829E5200582D70 /* QuestionView.swift */,
				F11D3156248430A300D1EC5F /* QuizTableHeader.swift */,
				F11D315224842EE300D1EC5F /* QuizTableCell.xib */,
				F11D315424842EFE00D1EC5F /* QuizTableCell.swift */,
				F14312EE248FCABA0069E260 /* LeaderboardTableCell.swift */,
				F14312F0248FCB020069E260 /* LeaderboardTableCell.xib */,
				F111D8D324911311005B822B /* LeaderboardTableHeader.swift */,
			);
			path = Views;
			sourceTree = "<group>";
		};
		F1CD11A22483B89500DA2BD9 /* ViewControllers */ = {
			isa = PBXGroup;
			children = (
				F1CE7E5F24641ECD002258DE /* QuizTableViewController.swift */,
				F11D315A2484352400D1EC5F /* QuizTableViewController.xib */,
				F11D31582484343C00D1EC5F /* SingleQuizViewController.swift */,
				F16F47BF248A45170064B318 /* SingleQuizViewController.xib */,
				F16943392483C29100431BA1 /* LoginViewController.swift */,
				F169433B2483C2B100431BA1 /* LoginViewController.xib */,
				F14312E8248FC05C0069E260 /* SettingsViewController.swift */,
				F14312EA248FC0AF0069E260 /* SearchViewController.swift */,
				F14312EC248FC8FC0069E260 /* LeaderboardTableViewController.swift */,
				F1163A5D248FCF7800384EE1 /* LeaderboardTableViewController.xib */,
				F111D8D5249150E2005B822B /* SettingsViewController.xib */,
				F1C0E6F6249396C70040B9EE /* SearchViewController.xib */,
			);
			path = ViewControllers;
			sourceTree = "<group>";
		};
		F1CE7E4F24641ECC002258DE = {
			isa = PBXGroup;
			children = (
				F1CE7E5A24641ECD002258DE /* QuizApp */,
				F1CE7E5924641ECD002258DE /* Products */,
				5B7940AD8FF09F3E3CB5C67A /* Pods */,
				B9F5C9E05037F6D80C8EB1F4 /* Frameworks */,
			);
			sourceTree = "<group>";
		};
		F1CE7E5924641ECD002258DE /* Products */ = {
			isa = PBXGroup;
			children = (
				F1CE7E5824641ECD002258DE /* QuizApp.app */,
			);
			name = Products;
			sourceTree = "<group>";
		};
		F1CE7E5A24641ECD002258DE /* QuizApp */ = {
			isa = PBXGroup;
			children = (
				F1D7557F2466B511003D7845 /* Service */,
				F1CE7E5B24641ECD002258DE /* AppDelegate.swift */,
				F1A587AD24829E3F00582D70 /* Views */,
				F1CD11A22483B89500DA2BD9 /* ViewControllers */,
				F1CE7E6424641ED0002258DE /* Assets.xcassets */,
				F1CE7E6624641ED0002258DE /* LaunchScreen.storyboard */,
				F1CE7E6924641ED0002258DE /* Info.plist */,
				F1C0E6ED249384D00040B9EE /* QuizzApp.xcdatamodeld */,
			);
			path = QuizApp;
			sourceTree = "<group>";
		};
		F1D7557F2466B511003D7845 /* Service */ = {
			isa = PBXGroup;
			children = (
				F1D755802466B529003D7845 /* Extenstions.swift */,
				F1D755822466B5BA003D7845 /* ApiClient.swift */,
				F1D755842466B5DB003D7845 /* Types.swift */,
				F1C0E6F0249391290040B9EE /* ReachabilityActionDelegate.swift */,
			);
			path = Service;
			sourceTree = "<group>";
		};
/* End PBXGroup section */

/* Begin PBXNativeTarget section */
		F1CE7E5724641ECC002258DE /* QuizApp */ = {
			isa = PBXNativeTarget;
			buildConfigurationList = F1CE7E6C24641ED0002258DE /* Build configuration list for PBXNativeTarget "QuizApp" */;
			buildPhases = (
				F6CF3B37569C6A68B8039C8A /* [CP] Check Pods Manifest.lock */,
				F1CE7E5424641ECC002258DE /* Sources */,
				F1CE7E5524641ECC002258DE /* Frameworks */,
				F1CE7E5624641ECC002258DE /* Resources */,
				40D232CCA73BE04DD27C5C05 /* [CP] Embed Pods Frameworks */,
			);
			buildRules = (
			);
			dependencies = (
			);
			name = QuizApp;
			productName = QuizApp;
			productReference = F1CE7E5824641ECD002258DE /* QuizApp.app */;
			productType = "com.apple.product-type.application";
		};
/* End PBXNativeTarget section */

/* Begin PBXProject section */
		F1CE7E5024641ECC002258DE /* Project object */ = {
			isa = PBXProject;
			attributes = {
				LastSwiftUpdateCheck = 1130;
				LastUpgradeCheck = 1130;
				ORGANIZATIONNAME = "Toma Puljak";
				TargetAttributes = {
					F1CE7E5724641ECC002258DE = {
						CreatedOnToolsVersion = 11.3.1;
					};
				};
			};
			buildConfigurationList = F1CE7E5324641ECC002258DE /* Build configuration list for PBXProject "QuizApp" */;
			compatibilityVersion = "Xcode 9.3";
			developmentRegion = en;
			hasScannedForEncodings = 0;
			knownRegions = (
				en,
				Base,
			);
			mainGroup = F1CE7E4F24641ECC002258DE;
			productRefGroup = F1CE7E5924641ECD002258DE /* Products */;
			projectDirPath = "";
			projectRoot = "";
			targets = (
				F1CE7E5724641ECC002258DE /* QuizApp */,
			);
		};
/* End PBXProject section */

/* Begin PBXResourcesBuildPhase section */
		F1CE7E5624641ECC002258DE /* Resources */ = {
			isa = PBXResourcesBuildPhase;
			buildActionMask = 2147483647;
			files = (
				F169433C2483C2B100431BA1 /* LoginViewController.xib in Resources */,
				F111D8D6249150E2005B822B /* SettingsViewController.xib in Resources */,
				F11D315B2484352400D1EC5F /* QuizTableViewController.xib in Resources */,
				F1CE7E6824641ED0002258DE /* LaunchScreen.storyboard in Resources */,
				F1163A5E248FCF7800384EE1 /* LeaderboardTableViewController.xib in Resources */,
				F1CE7E6524641ED0002258DE /* Assets.xcassets in Resources */,
				F11D315324842EE300D1EC5F /* QuizTableCell.xib in Resources */,
				F14312F1248FCB020069E260 /* LeaderboardTableCell.xib in Resources */,
				F1C0E6F7249396C70040B9EE /* SearchViewController.xib in Resources */,
				F16F47C0248A45170064B318 /* SingleQuizViewController.xib in Resources */,
			);
			runOnlyForDeploymentPostprocessing = 0;
		};
/* End PBXResourcesBuildPhase section */

/* Begin PBXShellScriptBuildPhase section */
		40D232CCA73BE04DD27C5C05 /* [CP] Embed Pods Frameworks */ = {
			isa = PBXShellScriptBuildPhase;
			buildActionMask = 2147483647;
			files = (
			);
			inputFileListPaths = (
				"${PODS_ROOT}/Target Support Files/Pods-QuizApp/Pods-QuizApp-frameworks-${CONFIGURATION}-input-files.xcfilelist",
			);
			name = "[CP] Embed Pods Frameworks";
			outputFileListPaths = (
				"${PODS_ROOT}/Target Support Files/Pods-QuizApp/Pods-QuizApp-frameworks-${CONFIGURATION}-output-files.xcfilelist",
			);
			runOnlyForDeploymentPostprocessing = 0;
			shellPath = /bin/sh;
			shellScript = "\"${PODS_ROOT}/Target Support Files/Pods-QuizApp/Pods-QuizApp-frameworks.sh\"\n";
			showEnvVarsInLog = 0;
		};
		F6CF3B37569C6A68B8039C8A /* [CP] Check Pods Manifest.lock */ = {
			isa = PBXShellScriptBuildPhase;
			buildActionMask = 2147483647;
			files = (
			);
			inputFileListPaths = (
			);
			inputPaths = (
				"${PODS_PODFILE_DIR_PATH}/Podfile.lock",
				"${PODS_ROOT}/Manifest.lock",
			);
			name = "[CP] Check Pods Manifest.lock";
			outputFileListPaths = (
			);
			outputPaths = (
				"$(DERIVED_FILE_DIR)/Pods-QuizApp-checkManifestLockResult.txt",
			);
			runOnlyForDeploymentPostprocessing = 0;
			shellPath = /bin/sh;
			shellScript = "diff \"${PODS_PODFILE_DIR_PATH}/Podfile.lock\" \"${PODS_ROOT}/Manifest.lock\" > /dev/null\nif [ $? != 0 ] ; then\n    # print error to STDERR\n    echo \"error: The sandbox is not in sync with the Podfile.lock. Run 'pod install' or update your CocoaPods installation.\" >&2\n    exit 1\nfi\n# This output is used by Xcode 'outputs' to avoid re-running this script phase.\necho \"SUCCESS\" > \"${SCRIPT_OUTPUT_FILE_0}\"\n";
			showEnvVarsInLog = 0;
		};
/* End PBXShellScriptBuildPhase section */

/* Begin PBXSourcesBuildPhase section */
		F1CE7E5424641ECC002258DE /* Sources */ = {
			isa = PBXSourcesBuildPhase;
			buildActionMask = 2147483647;
			files = (
				F1D755812466B529003D7845 /* Extenstions.swift in Sources */,
				F1C0E6EF249384D00040B9EE /* QuizzApp.xcdatamodeld in Sources */,
				F1CE7E6024641ECD002258DE /* QuizTableViewController.swift in Sources */,
				F14312E9248FC05C0069E260 /* SettingsViewController.swift in Sources */,
				F1CE7E5C24641ECD002258DE /* AppDelegate.swift in Sources */,
				F1C0E6F1249391290040B9EE /* ReachabilityActionDelegate.swift in Sources */,
				F14312EF248FCABA0069E260 /* LeaderboardTableCell.swift in Sources */,
				F1A587AF24829E5200582D70 /* QuestionView.swift in Sources */,
				F169433A2483C29100431BA1 /* LoginViewController.swift in Sources */,
				F14312ED248FC8FC0069E260 /* LeaderboardTableViewController.swift in Sources */,
				F14312EB248FC0AF0069E260 /* SearchViewController.swift in Sources */,
				F1D755852466B5DB003D7845 /* Types.swift in Sources */,
				F111D8D424911311005B822B /* LeaderboardTableHeader.swift in Sources */,
				F11D3157248430A300D1EC5F /* QuizTableHeader.swift in Sources */,
				F11D31592484343C00D1EC5F /* SingleQuizViewController.swift in Sources */,
				F1D755832466B5BA003D7845 /* ApiClient.swift in Sources */,
				F11D315524842EFE00D1EC5F /* QuizTableCell.swift in Sources */,
			);
			runOnlyForDeploymentPostprocessing = 0;
		};
/* End PBXSourcesBuildPhase section */

/* Begin PBXVariantGroup section */
		F1CE7E6624641ED0002258DE /* LaunchScreen.storyboard */ = {
			isa = PBXVariantGroup;
			children = (
				F1CE7E6724641ED0002258DE /* Base */,
			);
			name = LaunchScreen.storyboard;
			sourceTree = "<group>";
		};
/* End PBXVariantGroup section */

/* Begin XCBuildConfiguration section */
		F1CE7E6A24641ED0002258DE /* Debug */ = {
			isa = XCBuildConfiguration;
			buildSettings = {
				ALWAYS_SEARCH_USER_PATHS = NO;
				CLANG_ANALYZER_NONNULL = YES;
				CLANG_ANALYZER_NUMBER_OBJECT_CONVERSION = YES_AGGRESSIVE;
				CLANG_CXX_LANGUAGE_STANDARD = "gnu++14";
				CLANG_CXX_LIBRARY = "libc++";
				CLANG_ENABLE_MODULES = YES;
				CLANG_ENABLE_OBJC_ARC = YES;
				CLANG_ENABLE_OBJC_WEAK = YES;
				CLANG_WARN_BLOCK_CAPTURE_AUTORELEASING = YES;
				CLANG_WARN_BOOL_CONVERSION = YES;
				CLANG_WARN_COMMA = YES;
				CLANG_WARN_CONSTANT_CONVERSION = YES;
				CLANG_WARN_DEPRECATED_OBJC_IMPLEMENTATIONS = YES;
				CLANG_WARN_DIRECT_OBJC_ISA_USAGE = YES_ERROR;
				CLANG_WARN_DOCUMENTATION_COMMENTS = YES;
				CLANG_WARN_EMPTY_BODY = YES;
				CLANG_WARN_ENUM_CONVERSION = YES;
				CLANG_WARN_INFINITE_RECURSION = YES;
				CLANG_WARN_INT_CONVERSION = YES;
				CLANG_WARN_NON_LITERAL_NULL_CONVERSION = YES;
				CLANG_WARN_OBJC_IMPLICIT_RETAIN_SELF = YES;
				CLANG_WARN_OBJC_LITERAL_CONVERSION = YES;
				CLANG_WARN_OBJC_ROOT_CLASS = YES_ERROR;
				CLANG_WARN_RANGE_LOOP_ANALYSIS = YES;
				CLANG_WARN_STRICT_PROTOTYPES = YES;
				CLANG_WARN_SUSPICIOUS_MOVE = YES;
				CLANG_WARN_UNGUARDED_AVAILABILITY = YES_AGGRESSIVE;
				CLANG_WARN_UNREACHABLE_CODE = YES;
				CLANG_WARN__DUPLICATE_METHOD_MATCH = YES;
				COPY_PHASE_STRIP = NO;
				DEBUG_INFORMATION_FORMAT = dwarf;
				ENABLE_STRICT_OBJC_MSGSEND = YES;
				ENABLE_TESTABILITY = YES;
				GCC_C_LANGUAGE_STANDARD = gnu11;
				GCC_DYNAMIC_NO_PIC = NO;
				GCC_NO_COMMON_BLOCKS = YES;
				GCC_OPTIMIZATION_LEVEL = 0;
				GCC_PREPROCESSOR_DEFINITIONS = (
					"DEBUG=1",
					"$(inherited)",
				);
				GCC_WARN_64_TO_32_BIT_CONVERSION = YES;
				GCC_WARN_ABOUT_RETURN_TYPE = YES_ERROR;
				GCC_WARN_UNDECLARED_SELECTOR = YES;
				GCC_WARN_UNINITIALIZED_AUTOS = YES_AGGRESSIVE;
				GCC_WARN_UNUSED_FUNCTION = YES;
				GCC_WARN_UNUSED_VARIABLE = YES;
				IPHONEOS_DEPLOYMENT_TARGET = 13.2;
				MTL_ENABLE_DEBUG_INFO = INCLUDE_SOURCE;
				MTL_FAST_MATH = YES;
				ONLY_ACTIVE_ARCH = YES;
				SDKROOT = iphoneos;
				SWIFT_ACTIVE_COMPILATION_CONDITIONS = DEBUG;
				SWIFT_OPTIMIZATION_LEVEL = "-Onone";
			};
			name = Debug;
		};
		F1CE7E6B24641ED0002258DE /* Release */ = {
			isa = XCBuildConfiguration;
			buildSettings = {
				ALWAYS_SEARCH_USER_PATHS = NO;
				CLANG_ANALYZER_NONNULL = YES;
				CLANG_ANALYZER_NUMBER_OBJECT_CONVERSION = YES_AGGRESSIVE;
				CLANG_CXX_LANGUAGE_STANDARD = "gnu++14";
				CLANG_CXX_LIBRARY = "libc++";
				CLANG_ENABLE_MODULES = YES;
				CLANG_ENABLE_OBJC_ARC = YES;
				CLANG_ENABLE_OBJC_WEAK = YES;
				CLANG_WARN_BLOCK_CAPTURE_AUTORELEASING = YES;
				CLANG_WARN_BOOL_CONVERSION = YES;
				CLANG_WARN_COMMA = YES;
				CLANG_WARN_CONSTANT_CONVERSION = YES;
				CLANG_WARN_DEPRECATED_OBJC_IMPLEMENTATIONS = YES;
				CLANG_WARN_DIRECT_OBJC_ISA_USAGE = YES_ERROR;
				CLANG_WARN_DOCUMENTATION_COMMENTS = YES;
				CLANG_WARN_EMPTY_BODY = YES;
				CLANG_WARN_ENUM_CONVERSION = YES;
				CLANG_WARN_INFINITE_RECURSION = YES;
				CLANG_WARN_INT_CONVERSION = YES;
				CLANG_WARN_NON_LITERAL_NULL_CONVERSION = YES;
				CLANG_WARN_OBJC_IMPLICIT_RETAIN_SELF = YES;
				CLANG_WARN_OBJC_LITERAL_CONVERSION = YES;
				CLANG_WARN_OBJC_ROOT_CLASS = YES_ERROR;
				CLANG_WARN_RANGE_LOOP_ANALYSIS = YES;
				CLANG_WARN_STRICT_PROTOTYPES = YES;
				CLANG_WARN_SUSPICIOUS_MOVE = YES;
				CLANG_WARN_UNGUARDED_AVAILABILITY = YES_AGGRESSIVE;
				CLANG_WARN_UNREACHABLE_CODE = YES;
				CLANG_WARN__DUPLICATE_METHOD_MATCH = YES;
				COPY_PHASE_STRIP = NO;
				DEBUG_INFORMATION_FORMAT = "dwarf-with-dsym";
				ENABLE_NS_ASSERTIONS = NO;
				ENABLE_STRICT_OBJC_MSGSEND = YES;
				GCC_C_LANGUAGE_STANDARD = gnu11;
				GCC_NO_COMMON_BLOCKS = YES;
				GCC_WARN_64_TO_32_BIT_CONVERSION = YES;
				GCC_WARN_ABOUT_RETURN_TYPE = YES_ERROR;
				GCC_WARN_UNDECLARED_SELECTOR = YES;
				GCC_WARN_UNINITIALIZED_AUTOS = YES_AGGRESSIVE;
				GCC_WARN_UNUSED_FUNCTION = YES;
				GCC_WARN_UNUSED_VARIABLE = YES;
				IPHONEOS_DEPLOYMENT_TARGET = 13.2;
				MTL_ENABLE_DEBUG_INFO = NO;
				MTL_FAST_MATH = YES;
				SDKROOT = iphoneos;
				SWIFT_COMPILATION_MODE = wholemodule;
				SWIFT_OPTIMIZATION_LEVEL = "-O";
				VALIDATE_PRODUCT = YES;
			};
			name = Release;
		};
		F1CE7E6D24641ED0002258DE /* Debug */ = {
			isa = XCBuildConfiguration;
			baseConfigurationReference = 088CB2230BB159B51829D1D5 /* Pods-QuizApp.debug.xcconfig */;
			buildSettings = {
				ASSETCATALOG_COMPILER_APPICON_NAME = AppIcon;
				CODE_SIGN_STYLE = Automatic;
				DEVELOPMENT_TEAM = Y8E5T67ZA4;
				INFOPLIST_FILE = QuizApp/Info.plist;
				LD_RUNPATH_SEARCH_PATHS = (
					"$(inherited)",
					"@executable_path/Frameworks",
				);
				PRODUCT_BUNDLE_IDENTIFIER = hr.fer.puljak.toma.QuizApp;
				PRODUCT_NAME = "$(TARGET_NAME)";
				SWIFT_VERSION = 5.0;
				TARGETED_DEVICE_FAMILY = "1,2";
			};
			name = Debug;
		};
		F1CE7E6E24641ED0002258DE /* Release */ = {
			isa = XCBuildConfiguration;
			baseConfigurationReference = EE458440D58C8F92EECE1679 /* Pods-QuizApp.release.xcconfig */;
			buildSettings = {
				ASSETCATALOG_COMPILER_APPICON_NAME = AppIcon;
				CODE_SIGN_STYLE = Automatic;
				DEVELOPMENT_TEAM = Y8E5T67ZA4;
				INFOPLIST_FILE = QuizApp/Info.plist;
				LD_RUNPATH_SEARCH_PATHS = (
					"$(inherited)",
					"@executable_path/Frameworks",
				);
				PRODUCT_BUNDLE_IDENTIFIER = hr.fer.puljak.toma.QuizApp;
				PRODUCT_NAME = "$(TARGET_NAME)";
				SWIFT_VERSION = 5.0;
				TARGETED_DEVICE_FAMILY = "1,2";
			};
			name = Release;
		};
/* End XCBuildConfiguration section */

/* Begin XCConfigurationList section */
		F1CE7E5324641ECC002258DE /* Build configuration list for PBXProject "QuizApp" */ = {
			isa = XCConfigurationList;
			buildConfigurations = (
				F1CE7E6A24641ED0002258DE /* Debug */,
				F1CE7E6B24641ED0002258DE /* Release */,
			);
			defaultConfigurationIsVisible = 0;
			defaultConfigurationName = Release;
		};
		F1CE7E6C24641ED0002258DE /* Build configuration list for PBXNativeTarget "QuizApp" */ = {
			isa = XCConfigurationList;
			buildConfigurations = (
				F1CE7E6D24641ED0002258DE /* Debug */,
				F1CE7E6E24641ED0002258DE /* Release */,
			);
			defaultConfigurationIsVisible = 0;
			defaultConfigurationName = Release;
		};
/* End XCConfigurationList section */

/* Begin XCVersionGroup section */
		F1C0E6ED249384D00040B9EE /* QuizzApp.xcdatamodeld */ = {
			isa = XCVersionGroup;
			children = (
				F1C0E6EE249384D00040B9EE /* QuizzApp.xcdatamodel */,
			);
			currentVersion = F1C0E6EE249384D00040B9EE /* QuizzApp.xcdatamodel */;
			path = QuizzApp.xcdatamodeld;
			sourceTree = "<group>";
			versionGroupType = wrapper.xcdatamodel;
		};
/* End XCVersionGroup section */
	};
	rootObject = F1CE7E5024641ECC002258DE /* Project object */;
}
